// !$*UTF8*$!
{
	archiveVersion = 1;
	classes = {
	};
	objectVersion = 48;
	objects = {

/* Begin PBXBuildFile section */
		9937A514202825E500AC2D26 /* HistoryViewController.swift in Sources */ = {isa = PBXBuildFile; fileRef = 9937A513202825E500AC2D26 /* HistoryViewController.swift */; };
		99638FBF2025132800C64A0F /* AppDelegate.swift in Sources */ = {isa = PBXBuildFile; fileRef = 99638FBE2025132800C64A0F /* AppDelegate.swift */; };
		99638FC12025132800C64A0F /* ViewController.swift in Sources */ = {isa = PBXBuildFile; fileRef = 99638FC02025132800C64A0F /* ViewController.swift */; };
		99638FC42025132800C64A0F /* Main.storyboard in Resources */ = {isa = PBXBuildFile; fileRef = 99638FC22025132800C64A0F /* Main.storyboard */; };
		99638FC62025132800C64A0F /* Assets.xcassets in Resources */ = {isa = PBXBuildFile; fileRef = 99638FC52025132800C64A0F /* Assets.xcassets */; };
		99638FC92025132800C64A0F /* LaunchScreen.storyboard in Resources */ = {isa = PBXBuildFile; fileRef = 99638FC72025132800C64A0F /* LaunchScreen.storyboard */; };
/* End PBXBuildFile section */

/* Begin PBXFileReference section */
		9937A513202825E500AC2D26 /* HistoryViewController.swift */ = {isa = PBXFileReference; lastKnownFileType = sourcecode.swift; path = HistoryViewController.swift; sourceTree = "<group>"; };
		99638FBB2025132800C64A0F /* simple-calc-ios2.app */ = {isa = PBXFileReference; explicitFileType = wrapper.application; includeInIndex = 0; path = "simple-calc-ios2.app"; sourceTree = BUILT_PRODUCTS_DIR; };
		99638FBE2025132800C64A0F /* AppDelegate.swift */ = {isa = PBXFileReference; lastKnownFileType = sourcecode.swift; path = AppDelegate.swift; sourceTree = "<group>"; };
		99638FC02025132800C64A0F /* ViewController.swift */ = {isa = PBXFileReference; lastKnownFileType = sourcecode.swift; path = ViewController.swift; sourceTree = "<group>"; };
		99638FC32025132800C64A0F /* Base */ = {isa = PBXFileReference; lastKnownFileType = file.storyboard; name = Base; path = Base.lproj/Main.storyboard; sourceTree = "<group>"; };
		99638FC52025132800C64A0F /* Assets.xcassets */ = {isa = PBXFileReference; lastKnownFileType = folder.assetcatalog; path = Assets.xcassets; sourceTree = "<group>"; };
		99638FC82025132800C64A0F /* Base */ = {isa = PBXFileReference; lastKnownFileType = file.storyboard; name = Base; path = Base.lproj/LaunchScreen.storyboard; sourceTree = "<group>"; };
		99638FCA2025132800C64A0F /* Info.plist */ = {isa = PBXFileReference; lastKnownFileType = text.plist.xml; path = Info.plist; sourceTree = "<group>"; };
/* End PBXFileReference section */

/* Begin PBXFrameworksBuildPhase section */
		99638FB82025132800C64A0F /* Frameworks */ = {
			isa = PBXFrameworksBuildPhase;
			buildActionMask = 2147483647;
			files = (
			);
			runOnlyForDeploymentPostprocessing = 0;
		};
/* End PBXFrameworksBuildPhase section */

/* Begin PBXGroup section */
		99638FB22025132800C64A0F = {
			isa = PBXGroup;
			children = (
				99638FBD2025132800C64A0F /* simple-calc-ios2 */,
				99638FBC2025132800C64A0F /* Products */,
			);
			sourceTree = "<group>";
		};
		99638FBC2025132800C64A0F /* Products */ = {
			isa = PBXGroup;
			children = (
				99638FBB2025132800C64A0F /* simple-calc-ios2.app */,
			);
			name = Products;
			sourceTree = "<group>";
		};
		99638FBD2025132800C64A0F /* simple-calc-ios2 */ = {
			isa = PBXGroup;
			children = (
				99638FBE2025132800C64A0F /* AppDelegate.swift */,
				9937A513202825E500AC2D26 /* HistoryViewController.swift */,
				99638FC02025132800C64A0F /* ViewController.swift */,
				99638FC22025132800C64A0F /* Main.storyboard */,
				99638FC52025132800C64A0F /* Assets.xcassets */,
				99638FC72025132800C64A0F /* LaunchScreen.storyboard */,
				99638FCA2025132800C64A0F /* Info.plist */,
			);
			path = "simple-calc-ios2";
			sourceTree = "<group>";
		};
/* End PBXGroup section */

/* Begin PBXNativeTarget section */
		99638FBA2025132800C64A0F /* simple-calc-ios2 */ = {
			isa = PBXNativeTarget;
			buildConfigurationList = 99638FCD2025132800C64A0F /* Build configuration list for PBXNativeTarget "simple-calc-ios2" */;
			buildPhases = (
				99638FB72025132800C64A0F /* Sources */,
				99638FB82025132800C64A0F /* Frameworks */,
				99638FB92025132800C64A0F /* Resources */,
			);
			buildRules = (
			);
			dependencies = (
			);
			name = "simple-calc-ios2";
			productName = "simple-calc-ios2";
			productReference = 99638FBB2025132800C64A0F /* simple-calc-ios2.app */;
			productType = "com.apple.product-type.application";
		};
/* End PBXNativeTarget section */

/* Begin PBXProject section */
		99638FB32025132800C64A0F /* Project object */ = {
			isa = PBXProject;
			attributes = {
				LastSwiftUpdateCheck = 0920;
				LastUpgradeCheck = 0920;
				ORGANIZATIONNAME = "Ben Nogawa";
				TargetAttributes = {
					99638FBA2025132800C64A0F = {
						CreatedOnToolsVersion = 9.2;
						ProvisioningStyle = Automatic;
					};
				};
			};
			buildConfigurationList = 99638FB62025132800C64A0F /* Build configuration list for PBXProject "simple-calc-ios2" */;
			compatibilityVersion = "Xcode 8.0";
			developmentRegion = en;
			hasScannedForEncodings = 0;
			knownRegions = (
				en,
				Base,
			);
			mainGroup = 99638FB22025132800C64A0F;
			productRefGroup = 99638FBC2025132800C64A0F /* Products */;
			projectDirPath = "";
			projectRoot = "";
			targets = (
				99638FBA2025132800C64A0F /* simple-calc-ios2 */,
			);
		};
/* End PBXProject section */

/* Begin PBXResourcesBuildPhase section */
		99638FB92025132800C64A0F /* Resources */ = {
			isa = PBXResourcesBuildPhase;
			buildActionMask = 2147483647;
			files = (
				99638FC92025132800C64A0F /* LaunchScreen.storyboard in Resources */,
				99638FC62025132800C64A0F /* Assets.xcassets in Resources */,
				99638FC42025132800C64A0F /* Main.storyboard in Resources */,
			);
			runOnlyForDeploymentPostprocessing = 0;
		};
/* End PBXResourcesBuildPhase section */

/* Begin PBXSourcesBuildPhase section */
		99638FB72025132800C64A0F /* Sources */ = {
			isa = PBXSourcesBuildPhase;
			buildActionMask = 2147483647;
			files = (
				9937A514202825E500AC2D26 /* HistoryViewController.swift in Sources */,
				99638FC12025132800C64A0F /* ViewController.swift in Sources */,
				99638FBF2025132800C64A0F /* AppDelegate.swift in Sources */,
			);
			runOnlyForDeploymentPostprocessing = 0;
		};
/* End PBXSourcesBuildPhase section */

/* Begin PBXVariantGroup section */
		99638FC22025132800C64A0F /* Main.storyboard */ = {
			isa = PBXVariantGroup;
			children = (
				99638FC32025132800C64A0F /* Base */,
			);
			name = Main.storyboard;
			sourceTree = "<group>";
		};
		99638FC72025132800C64A0F /* LaunchScreen.storyboard */ = {
			isa = PBXVariantGroup;
			children = (
				99638FC82025132800C64A0F /* Base */,
			);
			name = LaunchScreen.storyboard;
			sourceTree = "<group>";
		};
/* End PBXVariantGroup section */

/* Begin XCBuildConfiguration section */
		99638FCB2025132800C64A0F /* Debug */ = {
			isa = XCBuildConfiguration;
			buildSettings = {
				ALWAYS_SEARCH_USER_PATHS = NO;
				CLANG_ANALYZER_NONNULL = YES;
				CLANG_ANALYZER_NUMBER_OBJECT_CONVERSION = YES_AGGRESSIVE;
				CLANG_CXX_LANGUAGE_STANDARD = "gnu++14";
				CLANG_CXX_LIBRARY = "libc++";
				CLANG_ENABLE_MODULES = YES;
				CLANG_ENABLE_OBJC_ARC = YES;
				CLANG_WARN_BLOCK_CAPTURE_AUTORELEASING = YES;
				CLANG_WARN_BOOL_CONVERSION = YES;
				CLANG_WARN_COMMA = YES;
				CLANG_WARN_CONSTANT_CONVERSION = YES;
				CLANG_WARN_DIRECT_OBJC_ISA_USAGE = YES_ERROR;
				CLANG_WARN_DOCUMENTATION_COMMENTS = YES;
				CLANG_WARN_EMPTY_BODY = YES;
				CLANG_WARN_ENUM_CONVERSION = YES;
				CLANG_WARN_INFINITE_RECURSION = YES;
				CLANG_WARN_INT_CONVERSION = YES;
				CLANG_WARN_NON_LITERAL_NULL_CONVERSION = YES;
				CLANG_WARN_OBJC_LITERAL_CONVERSION = YES;
				CLANG_WARN_OBJC_ROOT_CLASS = YES_ERROR;
				CLANG_WARN_RANGE_LOOP_ANALYSIS = YES;
				CLANG_WARN_STRICT_PROTOTYPES = YES;
				CLANG_WARN_SUSPICIOUS_MOVE = YES;
				CLANG_WARN_UNGUARDED_AVAILABILITY = YES_AGGRESSIVE;
				CLANG_WARN_UNREACHABLE_CODE = YES;
				CLANG_WARN__DUPLICATE_METHOD_MATCH = YES;
				CODE_SIGN_IDENTITY = "iPhone Developer";
				COPY_PHASE_STRIP = NO;
				DEBUG_INFORMATION_FORMAT = dwarf;
				ENABLE_STRICT_OBJC_MSGSEND = YES;
				ENABLE_TESTABILITY = YES;
				GCC_C_LANGUAGE_STANDARD = gnu11;
				GCC_DYNAMIC_NO_PIC = NO;
				GCC_NO_COMMON_BLOCKS = YES;
				GCC_OPTIMIZATION_LEVEL = 0;
				GCC_PREPROCESSOR_DEFINITIONS = (
					"DEBUG=1",
					"$(inherited)",
				);
				GCC_WARN_64_TO_32_BIT_CONVERSION = YES;
				GCC_WARN_ABOUT_RETURN_TYPE = YES_ERROR;
				GCC_WARN_UNDECLARED_SELECTOR = YES;
				GCC_WARN_UNINITIALIZED_AUTOS = YES_AGGRESSIVE;
				GCC_WARN_UNUSED_FUNCTION = YES;
				GCC_WARN_UNUSED_VARIABLE = YES;
				IPHONEOS_DEPLOYMENT_TARGET = 11.2;
				MTL_ENABLE_DEBUG_INFO = YES;
				ONLY_ACTIVE_ARCH = YES;
				SDKROOT = iphoneos;
				SWIFT_ACTIVE_COMPILATION_CONDITIONS = DEBUG;
				SWIFT_OPTIMIZATION_LEVEL = "-Onone";
			};
			name = Debug;
		};
		99638FCC2025132800C64A0F /* Release */ = {
			isa = XCBuildConfiguration;
			buildSettings = {
				ALWAYS_SEARCH_USER_PATHS = NO;
				CLANG_ANALYZER_NONNULL = YES;
				CLANG_ANALYZER_NUMBER_OBJECT_CONVERSION = YES_AGGRESSIVE;
				CLANG_CXX_LANGUAGE_STANDARD = "gnu++14";
				CLANG_CXX_LIBRARY = "libc++";
				CLANG_ENABLE_MODULES = YES;
				CLANG_ENABLE_OBJC_ARC = YES;
				CLANG_WARN_BLOCK_CAPTURE_AUTORELEASING = YES;
				CLANG_WARN_BOOL_CONVERSION = YES;
				CLANG_WARN_COMMA = YES;
				CLANG_WARN_CONSTANT_CONVERSION = YES;
				CLANG_WARN_DIRECT_OBJC_ISA_USAGE = YES_ERROR;
				CLANG_WARN_DOCUMENTATION_COMMENTS = YES;
				CLANG_WARN_EMPTY_BODY = YES;
				CLANG_WARN_ENUM_CONVERSION = YES;
				CLANG_WARN_INFINITE_RECURSION = YES;
				CLANG_WARN_INT_CONVERSION = YES;
				CLANG_WARN_NON_LITERAL_NULL_CONVERSION = YES;
				CLANG_WARN_OBJC_LITERAL_CONVERSION = YES;
				CLANG_WARN_OBJC_ROOT_CLASS = YES_ERROR;
				CLANG_WARN_RANGE_LOOP_ANALYSIS = YES;
				CLANG_WARN_STRICT_PROTOTYPES = YES;
				CLANG_WARN_SUSPICIOUS_MOVE = YES;
				CLANG_WARN_UNGUARDED_AVAILABILITY = YES_AGGRESSIVE;
				CLANG_WARN_UNREACHABLE_CODE = YES;
				CLANG_WARN__DUPLICATE_METHOD_MATCH = YES;
				CODE_SIGN_IDENTITY = "iPhone Developer";
				COPY_PHASE_STRIP = NO;
				DEBUG_INFORMATION_FORMAT = "dwarf-with-dsym";
				ENABLE_NS_ASSERTIONS = NO;
				ENABLE_STRICT_OBJC_MSGSEND = YES;
				GCC_C_LANGUAGE_STANDARD = gnu11;
				GCC_NO_COMMON_BLOCKS = YES;
				GCC_WARN_64_TO_32_BIT_CONVERSION = YES;
				GCC_WARN_ABOUT_RETURN_TYPE = YES_ERROR;
				GCC_WARN_UNDECLARED_SELECTOR = YES;
				GCC_WARN_UNINITIALIZED_AUTOS = YES_AGGRESSIVE;
				GCC_WARN_UNUSED_FUNCTION = YES;
				GCC_WARN_UNUSED_VARIABLE = YES;
				IPHONEOS_DEPLOYMENT_TARGET = 11.2;
				MTL_ENABLE_DEBUG_INFO = NO;
				SDKROOT = iphoneos;
				SWIFT_OPTIMIZATION_LEVEL = "-Owholemodule";
				VALIDATE_PRODUCT = YES;
			};
			name = Release;
		};
		99638FCE2025132800C64A0F /* Debug */ = {
			isa = XCBuildConfiguration;
			buildSettings = {
				ASSETCATALOG_COMPILER_APPICON_NAME = AppIcon;
				CODE_SIGN_STYLE = Automatic;
				DEVELOPMENT_TEAM = 73V62N4362;
				INFOPLIST_FILE = "simple-calc-ios2/Info.plist";
				LD_RUNPATH_SEARCH_PATHS = "$(inherited) @executable_path/Frameworks";
				PRODUCT_BUNDLE_IDENTIFIER = "edu.uw.nogawb.simple-calc-ios2";
				PRODUCT_NAME = "$(TARGET_NAME)";
				SWIFT_VERSION = 4.0;
				TARGETED_DEVICE_FAMILY = "1,2";
			};
			name = Debug;
		};
		99638FCF2025132800C64A0F /* Release */ = {
			isa = XCBuildConfiguration;
			buildSettings = {
				ASSETCATALOG_COMPILER_APPICON_NAME = AppIcon;
				CODE_SIGN_STYLE = Automatic;
				DEVELOPMENT_TEAM = 73V62N4362;
				INFOPLIST_FILE = "simple-calc-ios2/Info.plist";
				LD_RUNPATH_SEARCH_PATHS = "$(inherited) @executable_path/Frameworks";
				PRODUCT_BUNDLE_IDENTIFIER = "edu.uw.nogawb.simple-calc-ios2";
				PRODUCT_NAME = "$(TARGET_NAME)";
				SWIFT_VERSION = 4.0;
				TARGETED_DEVICE_FAMILY = "1,2";
			};
			name = Release;
		};
/* End XCBuildConfiguration section */

/* Begin XCConfigurationList section */
		99638FB62025132800C64A0F /* Build configuration list for PBXProject "simple-calc-ios2" */ = {
			isa = XCConfigurationList;
			buildConfigurations = (
				99638FCB2025132800C64A0F /* Debug */,
				99638FCC2025132800C64A0F /* Release */,
			);
			defaultConfigurationIsVisible = 0;
			defaultConfigurationName = Release;
		};
		99638FCD2025132800C64A0F /* Build configuration list for PBXNativeTarget "simple-calc-ios2" */ = {
			isa = XCConfigurationList;
			buildConfigurations = (
				99638FCE2025132800C64A0F /* Debug */,
				99638FCF2025132800C64A0F /* Release */,
			);
			defaultConfigurationIsVisible = 0;
			defaultConfigurationName = Release;
		};
/* End XCConfigurationList section */
	};
	rootObject = 99638FB32025132800C64A0F /* Project object */;
}
